github.com/Jguer/go-alpm v0.0.0-20190309021859-59ab0d278791 h1:8T0RjNauCn/W/9MqncAdTxvioThztW5lo22n6acTOg0=
github.com/Jguer/go-alpm v0.0.0-20190309021859-59ab0d278791/go.mod h1:FyxWWXMCnKWSU8prNG5ryzjilFJVj6PUr6yMR36rALA=
github.com/Morganamilo/go-pacmanconf v0.0.0-20180910220353-9c5265e1b14f/go.mod h1:Hk55m330jNiwxRodIlMCvw5iEyoRUCIY64W1p9D+tHc=
github.com/Morganamilo/go-srcinfo v1.0.0/go.mod h1:MP6VGY1NNpVUmYIEgoM9acix95KQqIRyqQ0hCLsyYUY=
github.com/mikkeloscar/aur v0.0.0-20181111113612-b71516da3ae9/go.mod h1:n1NKHoldRNhIEufSx1PiDYcd2W+wpbz5/5K+p2eNDVk=
